// !$*UTF8*$!
{
	archiveVersion = 1;
	classes = {
	};
	objectVersion = 50;
	objects = {

/* Begin PBXBuildFile section */
		299C7673268E4B6D0020C581 /* AppDelegate.swift in Sources */ = {isa = PBXBuildFile; fileRef = 299C7672268E4B6D0020C581 /* AppDelegate.swift */; };
		299C7675268E4B6D0020C581 /* SceneDelegate.swift in Sources */ = {isa = PBXBuildFile; fileRef = 299C7674268E4B6D0020C581 /* SceneDelegate.swift */; };
		299C767A268E4B6D0020C581 /* Main.storyboard in Resources */ = {isa = PBXBuildFile; fileRef = 299C7678268E4B6D0020C581 /* Main.storyboard */; };
		299C767C268E4B710020C581 /* Assets.xcassets in Resources */ = {isa = PBXBuildFile; fileRef = 299C767B268E4B710020C581 /* Assets.xcassets */; };
		299C767F268E4B710020C581 /* LaunchScreen.storyboard in Resources */ = {isa = PBXBuildFile; fileRef = 299C767D268E4B710020C581 /* LaunchScreen.storyboard */; };
		299C768A268E4B710020C581 /* MovieDBTests.swift in Sources */ = {isa = PBXBuildFile; fileRef = 299C7689268E4B710020C581 /* MovieDBTests.swift */; };
		299C7695268E4B710020C581 /* MovieDBUITests.swift in Sources */ = {isa = PBXBuildFile; fileRef = 299C7694268E4B710020C581 /* MovieDBUITests.swift */; };
		299C76A3268F07C30020C581 /* MoviesViewController.swift in Sources */ = {isa = PBXBuildFile; fileRef = 299C76A2268F07C30020C581 /* MoviesViewController.swift */; };
		299C76A72690134C0020C581 /* MoviesTableViewCell.swift in Sources */ = {isa = PBXBuildFile; fileRef = 299C76A62690134C0020C581 /* MoviesTableViewCell.swift */; };
		299C76A926917FD40020C581 /* DetailsViewController.swift in Sources */ = {isa = PBXBuildFile; fileRef = 299C76A826917FD40020C581 /* DetailsViewController.swift */; };
		299C76AB269199640020C581 /* DetailsTableViewCell.swift in Sources */ = {isa = PBXBuildFile; fileRef = 299C76AA269199640020C581 /* DetailsTableViewCell.swift */; };
/* End PBXBuildFile section */

/* Begin PBXContainerItemProxy section */
		299C7686268E4B710020C581 /* PBXContainerItemProxy */ = {
			isa = PBXContainerItemProxy;
			containerPortal = 299C7667268E4B6D0020C581 /* Project object */;
			proxyType = 1;
			remoteGlobalIDString = 299C766E268E4B6D0020C581;
			remoteInfo = MovieDB;
		};
		299C7691268E4B710020C581 /* PBXContainerItemProxy */ = {
			isa = PBXContainerItemProxy;
			containerPortal = 299C7667268E4B6D0020C581 /* Project object */;
			proxyType = 1;
			remoteGlobalIDString = 299C766E268E4B6D0020C581;
			remoteInfo = MovieDB;
		};
/* End PBXContainerItemProxy section */

/* Begin PBXFileReference section */
		299C766F268E4B6D0020C581 /* MovieDB.app */ = {isa = PBXFileReference; explicitFileType = wrapper.application; includeInIndex = 0; path = MovieDB.app; sourceTree = BUILT_PRODUCTS_DIR; };
		299C7672268E4B6D0020C581 /* AppDelegate.swift */ = {isa = PBXFileReference; lastKnownFileType = sourcecode.swift; path = AppDelegate.swift; sourceTree = "<group>"; };
		299C7674268E4B6D0020C581 /* SceneDelegate.swift */ = {isa = PBXFileReference; lastKnownFileType = sourcecode.swift; path = SceneDelegate.swift; sourceTree = "<group>"; };
		299C7679268E4B6D0020C581 /* Base */ = {isa = PBXFileReference; lastKnownFileType = file.storyboard; name = Base; path = Base.lproj/Main.storyboard; sourceTree = "<group>"; };
		299C767B268E4B710020C581 /* Assets.xcassets */ = {isa = PBXFileReference; lastKnownFileType = folder.assetcatalog; path = Assets.xcassets; sourceTree = "<group>"; };
		299C767E268E4B710020C581 /* Base */ = {isa = PBXFileReference; lastKnownFileType = file.storyboard; name = Base; path = Base.lproj/LaunchScreen.storyboard; sourceTree = "<group>"; };
		299C7680268E4B710020C581 /* Info.plist */ = {isa = PBXFileReference; lastKnownFileType = text.plist.xml; path = Info.plist; sourceTree = "<group>"; };
		299C7685268E4B710020C581 /* MovieDBTests.xctest */ = {isa = PBXFileReference; explicitFileType = wrapper.cfbundle; includeInIndex = 0; path = MovieDBTests.xctest; sourceTree = BUILT_PRODUCTS_DIR; };
		299C7689268E4B710020C581 /* MovieDBTests.swift */ = {isa = PBXFileReference; lastKnownFileType = sourcecode.swift; path = MovieDBTests.swift; sourceTree = "<group>"; };
		299C768B268E4B710020C581 /* Info.plist */ = {isa = PBXFileReference; lastKnownFileType = text.plist.xml; path = Info.plist; sourceTree = "<group>"; };
		299C7690268E4B710020C581 /* MovieDBUITests.xctest */ = {isa = PBXFileReference; explicitFileType = wrapper.cfbundle; includeInIndex = 0; path = MovieDBUITests.xctest; sourceTree = BUILT_PRODUCTS_DIR; };
		299C7694268E4B710020C581 /* MovieDBUITests.swift */ = {isa = PBXFileReference; lastKnownFileType = sourcecode.swift; path = MovieDBUITests.swift; sourceTree = "<group>"; };
		299C7696268E4B710020C581 /* Info.plist */ = {isa = PBXFileReference; lastKnownFileType = text.plist.xml; path = Info.plist; sourceTree = "<group>"; };
		299C76A2268F07C30020C581 /* MoviesViewController.swift */ = {isa = PBXFileReference; lastKnownFileType = sourcecode.swift; path = MoviesViewController.swift; sourceTree = "<group>"; };
		299C76A62690134C0020C581 /* MoviesTableViewCell.swift */ = {isa = PBXFileReference; lastKnownFileType = sourcecode.swift; path = MoviesTableViewCell.swift; sourceTree = "<group>"; };
		299C76A826917FD40020C581 /* DetailsViewController.swift */ = {isa = PBXFileReference; lastKnownFileType = sourcecode.swift; path = DetailsViewController.swift; sourceTree = "<group>"; };
		299C76AA269199640020C581 /* DetailsTableViewCell.swift */ = {isa = PBXFileReference; lastKnownFileType = sourcecode.swift; path = DetailsTableViewCell.swift; sourceTree = "<group>"; };
/* End PBXFileReference section */

/* Begin PBXFrameworksBuildPhase section */
		299C766C268E4B6D0020C581 /* Frameworks */ = {
			isa = PBXFrameworksBuildPhase;
			buildActionMask = 2147483647;
			files = (
			);
			runOnlyForDeploymentPostprocessing = 0;
		};
		299C7682268E4B710020C581 /* Frameworks */ = {
			isa = PBXFrameworksBuildPhase;
			buildActionMask = 2147483647;
			files = (
			);
			runOnlyForDeploymentPostprocessing = 0;
		};
		299C768D268E4B710020C581 /* Frameworks */ = {
			isa = PBXFrameworksBuildPhase;
			buildActionMask = 2147483647;
			files = (
			);
			runOnlyForDeploymentPostprocessing = 0;
		};
/* End PBXFrameworksBuildPhase section */

/* Begin PBXGroup section */
		299C7666268E4B6D0020C581 = {
			isa = PBXGroup;
			children = (
				299C7671268E4B6D0020C581 /* MovieDB */,
				299C7688268E4B710020C581 /* MovieDBTests */,
				299C7693268E4B710020C581 /* MovieDBUITests */,
				299C7670268E4B6D0020C581 /* Products */,
			);
			sourceTree = "<group>";
		};
		299C7670268E4B6D0020C581 /* Products */ = {
			isa = PBXGroup;
			children = (
				299C766F268E4B6D0020C581 /* MovieDB.app */,
				299C7685268E4B710020C581 /* MovieDBTests.xctest */,
				299C7690268E4B710020C581 /* MovieDBUITests.xctest */,
			);
			name = Products;
			sourceTree = "<group>";
		};
		299C7671268E4B6D0020C581 /* MovieDB */ = {
			isa = PBXGroup;
			children = (
				299C7672268E4B6D0020C581 /* AppDelegate.swift */,
				299C7674268E4B6D0020C581 /* SceneDelegate.swift */,
				299C7678268E4B6D0020C581 /* Main.storyboard */,
				299C767B268E4B710020C581 /* Assets.xcassets */,
				299C767D268E4B710020C581 /* LaunchScreen.storyboard */,
				299C7680268E4B710020C581 /* Info.plist */,
				299C76A2268F07C30020C581 /* MoviesViewController.swift */,
				299C76A62690134C0020C581 /* MoviesTableViewCell.swift */,
				299C76A826917FD40020C581 /* DetailsViewController.swift */,
				299C76AA269199640020C581 /* DetailsTableViewCell.swift */,
			);
			path = MovieDB;
			sourceTree = "<group>";
		};
		299C7688268E4B710020C581 /* MovieDBTests */ = {
			isa = PBXGroup;
			children = (
				299C7689268E4B710020C581 /* MovieDBTests.swift */,
				299C768B268E4B710020C581 /* Info.plist */,
			);
			path = MovieDBTests;
			sourceTree = "<group>";
		};
		299C7693268E4B710020C581 /* MovieDBUITests */ = {
			isa = PBXGroup;
			children = (
				299C7694268E4B710020C581 /* MovieDBUITests.swift */,
				299C7696268E4B710020C581 /* Info.plist */,
			);
			path = MovieDBUITests;
			sourceTree = "<group>";
		};
/* End PBXGroup section */

/* Begin PBXNativeTarget section */
		299C766E268E4B6D0020C581 /* MovieDB */ = {
			isa = PBXNativeTarget;
			buildConfigurationList = 299C7699268E4B710020C581 /* Build configuration list for PBXNativeTarget "MovieDB" */;
			buildPhases = (
				299C766B268E4B6D0020C581 /* Sources */,
				299C766C268E4B6D0020C581 /* Frameworks */,
				299C766D268E4B6D0020C581 /* Resources */,
			);
			buildRules = (
			);
			dependencies = (
			);
			name = MovieDB;
			productName = MovieDB;
			productReference = 299C766F268E4B6D0020C581 /* MovieDB.app */;
			productType = "com.apple.product-type.application";
		};
		299C7684268E4B710020C581 /* MovieDBTests */ = {
			isa = PBXNativeTarget;
			buildConfigurationList = 299C769C268E4B710020C581 /* Build configuration list for PBXNativeTarget "MovieDBTests" */;
			buildPhases = (
				299C7681268E4B710020C581 /* Sources */,
				299C7682268E4B710020C581 /* Frameworks */,
				299C7683268E4B710020C581 /* Resources */,
			);
			buildRules = (
			);
			dependencies = (
				299C7687268E4B710020C581 /* PBXTargetDependency */,
			);
			name = MovieDBTests;
			productName = MovieDBTests;
			productReference = 299C7685268E4B710020C581 /* MovieDBTests.xctest */;
			productType = "com.apple.product-type.bundle.unit-test";
		};
		299C768F268E4B710020C581 /* MovieDBUITests */ = {
			isa = PBXNativeTarget;
			buildConfigurationList = 299C769F268E4B710020C581 /* Build configuration list for PBXNativeTarget "MovieDBUITests" */;
			buildPhases = (
				299C768C268E4B710020C581 /* Sources */,
				299C768D268E4B710020C581 /* Frameworks */,
				299C768E268E4B710020C581 /* Resources */,
			);
			buildRules = (
			);
			dependencies = (
				299C7692268E4B710020C581 /* PBXTargetDependency */,
			);
			name = MovieDBUITests;
			productName = MovieDBUITests;
			productReference = 299C7690268E4B710020C581 /* MovieDBUITests.xctest */;
			productType = "com.apple.product-type.bundle.ui-testing";
		};
/* End PBXNativeTarget section */

/* Begin PBXProject section */
		299C7667268E4B6D0020C581 /* Project object */ = {
			isa = PBXProject;
			attributes = {
				LastSwiftUpdateCheck = 1250;
				LastUpgradeCheck = 1250;
				TargetAttributes = {
					299C766E268E4B6D0020C581 = {
						CreatedOnToolsVersion = 12.5;
					};
					299C7684268E4B710020C581 = {
						CreatedOnToolsVersion = 12.5;
						TestTargetID = 299C766E268E4B6D0020C581;
					};
					299C768F268E4B710020C581 = {
						CreatedOnToolsVersion = 12.5;
						TestTargetID = 299C766E268E4B6D0020C581;
					};
				};
			};
			buildConfigurationList = 299C766A268E4B6D0020C581 /* Build configuration list for PBXProject "MovieDB" */;
			compatibilityVersion = "Xcode 9.3";
			developmentRegion = en;
			hasScannedForEncodings = 0;
			knownRegions = (
				en,
				Base,
			);
			mainGroup = 299C7666268E4B6D0020C581;
			productRefGroup = 299C7670268E4B6D0020C581 /* Products */;
			projectDirPath = "";
			projectRoot = "";
			targets = (
				299C766E268E4B6D0020C581 /* MovieDB */,
				299C7684268E4B710020C581 /* MovieDBTests */,
				299C768F268E4B710020C581 /* MovieDBUITests */,
			);
		};
/* End PBXProject section */

/* Begin PBXResourcesBuildPhase section */
		299C766D268E4B6D0020C581 /* Resources */ = {
			isa = PBXResourcesBuildPhase;
			buildActionMask = 2147483647;
			files = (
				299C767F268E4B710020C581 /* LaunchScreen.storyboard in Resources */,
				299C767C268E4B710020C581 /* Assets.xcassets in Resources */,
				299C767A268E4B6D0020C581 /* Main.storyboard in Resources */,
			);
			runOnlyForDeploymentPostprocessing = 0;
		};
		299C7683268E4B710020C581 /* Resources */ = {
			isa = PBXResourcesBuildPhase;
			buildActionMask = 2147483647;
			files = (
			);
			runOnlyForDeploymentPostprocessing = 0;
		};
		299C768E268E4B710020C581 /* Resources */ = {
			isa = PBXResourcesBuildPhase;
			buildActionMask = 2147483647;
			files = (
			);
			runOnlyForDeploymentPostprocessing = 0;
		};
/* End PBXResourcesBuildPhase section */

/* Begin PBXSourcesBuildPhase section */
		299C766B268E4B6D0020C581 /* Sources */ = {
			isa = PBXSourcesBuildPhase;
			buildActionMask = 2147483647;
			files = (
				299C76AB269199640020C581 /* DetailsTableViewCell.swift in Sources */,
				299C7673268E4B6D0020C581 /* AppDelegate.swift in Sources */,
				299C7675268E4B6D0020C581 /* SceneDelegate.swift in Sources */,
				299C76A72690134C0020C581 /* MoviesTableViewCell.swift in Sources */,
				299C76A3268F07C30020C581 /* MoviesViewController.swift in Sources */,
				299C76A926917FD40020C581 /* DetailsViewController.swift in Sources */,
			);
			runOnlyForDeploymentPostprocessing = 0;
		};
		299C7681268E4B710020C581 /* Sources */ = {
			isa = PBXSourcesBuildPhase;
			buildActionMask = 2147483647;
			files = (
				299C768A268E4B710020C581 /* MovieDBTests.swift in Sources */,
			);
			runOnlyForDeploymentPostprocessing = 0;
		};
		299C768C268E4B710020C581 /* Sources */ = {
			isa = PBXSourcesBuildPhase;
			buildActionMask = 2147483647;
			files = (
				299C7695268E4B710020C581 /* MovieDBUITests.swift in Sources */,
			);
			runOnlyForDeploymentPostprocessing = 0;
		};
/* End PBXSourcesBuildPhase section */

/* Begin PBXTargetDependency section */
		299C7687268E4B710020C581 /* PBXTargetDependency */ = {
			isa = PBXTargetDependency;
			target = 299C766E268E4B6D0020C581 /* MovieDB */;
			targetProxy = 299C7686268E4B710020C581 /* PBXContainerItemProxy */;
		};
		299C7692268E4B710020C581 /* PBXTargetDependency */ = {
			isa = PBXTargetDependency;
			target = 299C766E268E4B6D0020C581 /* MovieDB */;
			targetProxy = 299C7691268E4B710020C581 /* PBXContainerItemProxy */;
		};
/* End PBXTargetDependency section */

/* Begin PBXVariantGroup section */
		299C7678268E4B6D0020C581 /* Main.storyboard */ = {
			isa = PBXVariantGroup;
			children = (
				299C7679268E4B6D0020C581 /* Base */,
			);
			name = Main.storyboard;
			sourceTree = "<group>";
		};
		299C767D268E4B710020C581 /* LaunchScreen.storyboard */ = {
			isa = PBXVariantGroup;
			children = (
				299C767E268E4B710020C581 /* Base */,
			);
			name = LaunchScreen.storyboard;
			sourceTree = "<group>";
		};
/* End PBXVariantGroup section */

/* Begin XCBuildConfiguration section */
		299C7697268E4B710020C581 /* Debug */ = {
			isa = XCBuildConfiguration;
			buildSettings = {
				ALWAYS_SEARCH_USER_PATHS = NO;
				CLANG_ANALYZER_NONNULL = YES;
				CLANG_ANALYZER_NUMBER_OBJECT_CONVERSION = YES_AGGRESSIVE;
				CLANG_CXX_LANGUAGE_STANDARD = "gnu++14";
				CLANG_CXX_LIBRARY = "libc++";
				CLANG_ENABLE_MODULES = YES;
				CLANG_ENABLE_OBJC_ARC = YES;
				CLANG_ENABLE_OBJC_WEAK = YES;
				CLANG_WARN_BLOCK_CAPTURE_AUTORELEASING = YES;
				CLANG_WARN_BOOL_CONVERSION = YES;
				CLANG_WARN_COMMA = YES;
				CLANG_WARN_CONSTANT_CONVERSION = YES;
				CLANG_WARN_DEPRECATED_OBJC_IMPLEMENTATIONS = YES;
				CLANG_WARN_DIRECT_OBJC_ISA_USAGE = YES_ERROR;
				CLANG_WARN_DOCUMENTATION_COMMENTS = YES;
				CLANG_WARN_EMPTY_BODY = YES;
				CLANG_WARN_ENUM_CONVERSION = YES;
				CLANG_WARN_INFINITE_RECURSION = YES;
				CLANG_WARN_INT_CONVERSION = YES;
				CLANG_WARN_NON_LITERAL_NULL_CONVERSION = YES;
				CLANG_WARN_OBJC_IMPLICIT_RETAIN_SELF = YES;
				CLANG_WARN_OBJC_LITERAL_CONVERSION = YES;
				CLANG_WARN_OBJC_ROOT_CLASS = YES_ERROR;
				CLANG_WARN_QUOTED_INCLUDE_IN_FRAMEWORK_HEADER = YES;
				CLANG_WARN_RANGE_LOOP_ANALYSIS = YES;
				CLANG_WARN_STRICT_PROTOTYPES = YES;
				CLANG_WARN_SUSPICIOUS_MOVE = YES;
				CLANG_WARN_UNGUARDED_AVAILABILITY = YES_AGGRESSIVE;
				CLANG_WARN_UNREACHABLE_CODE = YES;
				CLANG_WARN__DUPLICATE_METHOD_MATCH = YES;
				COPY_PHASE_STRIP = NO;
				DEBUG_INFORMATION_FORMAT = dwarf;
				ENABLE_STRICT_OBJC_MSGSEND = YES;
				ENABLE_TESTABILITY = YES;
				GCC_C_LANGUAGE_STANDARD = gnu11;
				GCC_DYNAMIC_NO_PIC = NO;
				GCC_NO_COMMON_BLOCKS = YES;
				GCC_OPTIMIZATION_LEVEL = 0;
				GCC_PREPROCESSOR_DEFINITIONS = (
					"DEBUG=1",
					"$(inherited)",
				);
				GCC_WARN_64_TO_32_BIT_CONVERSION = YES;
				GCC_WARN_ABOUT_RETURN_TYPE = YES_ERROR;
				GCC_WARN_UNDECLARED_SELECTOR = YES;
				GCC_WARN_UNINITIALIZED_AUTOS = YES_AGGRESSIVE;
				GCC_WARN_UNUSED_FUNCTION = YES;
				GCC_WARN_UNUSED_VARIABLE = YES;
				IPHONEOS_DEPLOYMENT_TARGET = 14.5;
				MTL_ENABLE_DEBUG_INFO = INCLUDE_SOURCE;
				MTL_FAST_MATH = YES;
				ONLY_ACTIVE_ARCH = YES;
				SDKROOT = iphoneos;
				SWIFT_ACTIVE_COMPILATION_CONDITIONS = DEBUG;
				SWIFT_OPTIMIZATION_LEVEL = "-Onone";
			};
			name = Debug;
		};
		299C7698268E4B710020C581 /* Release */ = {
			isa = XCBuildConfiguration;
			buildSettings = {
				ALWAYS_SEARCH_USER_PATHS = NO;
				CLANG_ANALYZER_NONNULL = YES;
				CLANG_ANALYZER_NUMBER_OBJECT_CONVERSION = YES_AGGRESSIVE;
				CLANG_CXX_LANGUAGE_STANDARD = "gnu++14";
				CLANG_CXX_LIBRARY = "libc++";
				CLANG_ENABLE_MODULES = YES;
				CLANG_ENABLE_OBJC_ARC = YES;
				CLANG_ENABLE_OBJC_WEAK = YES;
				CLANG_WARN_BLOCK_CAPTURE_AUTORELEASING = YES;
				CLANG_WARN_BOOL_CONVERSION = YES;
				CLANG_WARN_COMMA = YES;
				CLANG_WARN_CONSTANT_CONVERSION = YES;
				CLANG_WARN_DEPRECATED_OBJC_IMPLEMENTATIONS = YES;
				CLANG_WARN_DIRECT_OBJC_ISA_USAGE = YES_ERROR;
				CLANG_WARN_DOCUMENTATION_COMMENTS = YES;
				CLANG_WARN_EMPTY_BODY = YES;
				CLANG_WARN_ENUM_CONVERSION = YES;
				CLANG_WARN_INFINITE_RECURSION = YES;
				CLANG_WARN_INT_CONVERSION = YES;
				CLANG_WARN_NON_LITERAL_NULL_CONVERSION = YES;
				CLANG_WARN_OBJC_IMPLICIT_RETAIN_SELF = YES;
				CLANG_WARN_OBJC_LITERAL_CONVERSION = YES;
				CLANG_WARN_OBJC_ROOT_CLASS = YES_ERROR;
				CLANG_WARN_QUOTED_INCLUDE_IN_FRAMEWORK_HEADER = YES;
				CLANG_WARN_RANGE_LOOP_ANALYSIS = YES;
				CLANG_WARN_STRICT_PROTOTYPES = YES;
				CLANG_WARN_SUSPICIOUS_MOVE = YES;
				CLANG_WARN_UNGUARDED_AVAILABILITY = YES_AGGRESSIVE;
				CLANG_WARN_UNREACHABLE_CODE = YES;
				CLANG_WARN__DUPLICATE_METHOD_MATCH = YES;
				COPY_PHASE_STRIP = NO;
				DEBUG_INFORMATION_FORMAT = "dwarf-with-dsym";
				ENABLE_NS_ASSERTIONS = NO;
				ENABLE_STRICT_OBJC_MSGSEND = YES;
				GCC_C_LANGUAGE_STANDARD = gnu11;
				GCC_NO_COMMON_BLOCKS = YES;
				GCC_WARN_64_TO_32_BIT_CONVERSION = YES;
				GCC_WARN_ABOUT_RETURN_TYPE = YES_ERROR;
				GCC_WARN_UNDECLARED_SELECTOR = YES;
				GCC_WARN_UNINITIALIZED_AUTOS = YES_AGGRESSIVE;
				GCC_WARN_UNUSED_FUNCTION = YES;
				GCC_WARN_UNUSED_VARIABLE = YES;
				IPHONEOS_DEPLOYMENT_TARGET = 14.5;
				MTL_ENABLE_DEBUG_INFO = NO;
				MTL_FAST_MATH = YES;
				SDKROOT = iphoneos;
				SWIFT_COMPILATION_MODE = wholemodule;
				SWIFT_OPTIMIZATION_LEVEL = "-O";
				VALIDATE_PRODUCT = YES;
			};
			name = Release;
		};
		299C769A268E4B710020C581 /* Debug */ = {
			isa = XCBuildConfiguration;
			buildSettings = {
				ASSETCATALOG_COMPILER_APPICON_NAME = AppIcon;
				ASSETCATALOG_COMPILER_GLOBAL_ACCENT_COLOR_NAME = AccentColor;
				CODE_SIGN_STYLE = Automatic;
				DEVELOPMENT_TEAM = 42978H3GP3;
				INFOPLIST_FILE = MovieDB/Info.plist;
				LD_RUNPATH_SEARCH_PATHS = (
					"$(inherited)",
					"@executable_path/Frameworks",
				);
				PRODUCT_BUNDLE_IDENTIFIER = com.giovanni.MovieDB;
				PRODUCT_NAME = "$(TARGET_NAME)";
				SWIFT_VERSION = 5.0;
				TARGETED_DEVICE_FAMILY = "1,2";
			};
			name = Debug;
		};
		299C769B268E4B710020C581 /* Release */ = {
			isa = XCBuildConfiguration;
			buildSettings = {
				ASSETCATALOG_COMPILER_APPICON_NAME = AppIcon;
				ASSETCATALOG_COMPILER_GLOBAL_ACCENT_COLOR_NAME = AccentColor;
				CODE_SIGN_STYLE = Automatic;
				DEVELOPMENT_TEAM = 42978H3GP3;
				INFOPLIST_FILE = MovieDB/Info.plist;
				LD_RUNPATH_SEARCH_PATHS = (
					"$(inherited)",
					"@executable_path/Frameworks",
				);
				PRODUCT_BUNDLE_IDENTIFIER = com.giovanni.MovieDB;
				PRODUCT_NAME = "$(TARGET_NAME)";
				SWIFT_VERSION = 5.0;
				TARGETED_DEVICE_FAMILY = "1,2";
			};
			name = Release;
		};
		299C769D268E4B710020C581 /* Debug */ = {
			isa = XCBuildConfiguration;
			buildSettings = {
				ALWAYS_EMBED_SWIFT_STANDARD_LIBRARIES = YES;
				BUNDLE_LOADER = "$(TEST_HOST)";
				CODE_SIGN_STYLE = Automatic;
				DEVELOPMENT_TEAM = 42978H3GP3;
				INFOPLIST_FILE = MovieDBTests/Info.plist;
				IPHONEOS_DEPLOYMENT_TARGET = 14.5;
				LD_RUNPATH_SEARCH_PATHS = (
					"$(inherited)",
					"@executable_path/Frameworks",
					"@loader_path/Frameworks",
				);
				PRODUCT_BUNDLE_IDENTIFIER = com.giovanni.MovieDBTests;
				PRODUCT_NAME = "$(TARGET_NAME)";
				SWIFT_VERSION = 5.0;
				TARGETED_DEVICE_FAMILY = "1,2";
				TEST_HOST = "$(BUILT_PRODUCTS_DIR)/MovieDB.app/MovieDB";
			};
			name = Debug;
		};
		299C769E268E4B710020C581 /* Release */ = {
			isa = XCBuildConfiguration;
			buildSettings = {
				ALWAYS_EMBED_SWIFT_STANDARD_LIBRARIES = YES;
				BUNDLE_LOADER = "$(TEST_HOST)";
				CODE_SIGN_STYLE = Automatic;
				DEVELOPMENT_TEAM = 42978H3GP3;
				INFOPLIST_FILE = MovieDBTests/Info.plist;
				IPHONEOS_DEPLOYMENT_TARGET = 14.5;
				LD_RUNPATH_SEARCH_PATHS = (
					"$(inherited)",
					"@executable_path/Frameworks",
					"@loader_path/Frameworks",
				);
				PRODUCT_BUNDLE_IDENTIFIER = com.giovanni.MovieDBTests;
				PRODUCT_NAME = "$(TARGET_NAME)";
				SWIFT_VERSION = 5.0;
				TARGETED_DEVICE_FAMILY = "1,2";
				TEST_HOST = "$(BUILT_PRODUCTS_DIR)/MovieDB.app/MovieDB";
			};
			name = Release;
		};
		299C76A0268E4B710020C581 /* Debug */ = {
			isa = XCBuildConfiguration;
			buildSettings = {
				ALWAYS_EMBED_SWIFT_STANDARD_LIBRARIES = YES;
				CODE_SIGN_STYLE = Automatic;
				DEVELOPMENT_TEAM = 42978H3GP3;
				INFOPLIST_FILE = MovieDBUITests/Info.plist;
				LD_RUNPATH_SEARCH_PATHS = (
					"$(inherited)",
					"@executable_path/Frameworks",
					"@loader_path/Frameworks",
				);
				PRODUCT_BUNDLE_IDENTIFIER = com.giovanni.MovieDBUITests;
				PRODUCT_NAME = "$(TARGET_NAME)";
				SWIFT_VERSION = 5.0;
				TARGETED_DEVICE_FAMILY = "1,2";
				TEST_TARGET_NAME = MovieDB;
			};
			name = Debug;
		};
		299C76A1268E4B710020C581 /* Release */ = {
			isa = XCBuildConfiguration;
			buildSettings = {
				ALWAYS_EMBED_SWIFT_STANDARD_LIBRARIES = YES;
				CODE_SIGN_STYLE = Automatic;
				DEVELOPMENT_TEAM = 42978H3GP3;
				INFOPLIST_FILE = MovieDBUITests/Info.plist;
				LD_RUNPATH_SEARCH_PATHS = (
					"$(inherited)",
					"@executable_path/Frameworks",
					"@loader_path/Frameworks",
				);
				PRODUCT_BUNDLE_IDENTIFIER = com.giovanni.MovieDBUITests;
				PRODUCT_NAME = "$(TARGET_NAME)";
				SWIFT_VERSION = 5.0;
				TARGETED_DEVICE_FAMILY = "1,2";
				TEST_TARGET_NAME = MovieDB;
			};
			name = Release;
		};
/* End XCBuildConfiguration section */

/* Begin XCConfigurationList section */
		299C766A268E4B6D0020C581 /* Build configuration list for PBXProject "MovieDB" */ = {
			isa = XCConfigurationList;
			buildConfigurations = (
				299C7697268E4B710020C581 /* Debug */,
				299C7698268E4B710020C581 /* Release */,
			);
			defaultConfigurationIsVisible = 0;
			defaultConfigurationName = Release;
		};
		299C7699268E4B710020C581 /* Build configuration list for PBXNativeTarget "MovieDB" */ = {
			isa = XCConfigurationList;
			buildConfigurations = (
				299C769A268E4B710020C581 /* Debug */,
				299C769B268E4B710020C581 /* Release */,
			);
			defaultConfigurationIsVisible = 0;
			defaultConfigurationName = Release;
		};
		299C769C268E4B710020C581 /* Build configuration list for PBXNativeTarget "MovieDBTests" */ = {
			isa = XCConfigurationList;
			buildConfigurations = (
				299C769D268E4B710020C581 /* Debug */,
				299C769E268E4B710020C581 /* Release */,
			);
			defaultConfigurationIsVisible = 0;
			defaultConfigurationName = Release;
		};
		299C769F268E4B710020C581 /* Build configuration list for PBXNativeTarget "MovieDBUITests" */ = {
			isa = XCConfigurationList;
			buildConfigurations = (
				299C76A0268E4B710020C581 /* Debug */,
				299C76A1268E4B710020C581 /* Release */,
			);
			defaultConfigurationIsVisible = 0;
			defaultConfigurationName = Release;
		};
/* End XCConfigurationList section */
	};
	rootObject = 299C7667268E4B6D0020C581 /* Project object */;
}
